
Microsoft Visual Studio Solution File, Format Version 12.00
# Visual Studio Version 16
VisualStudioVersion = 16.0.30204.135
MinimumVisualStudioVersion = 10.0.40219.1
Project("{FAE04EC0-301F-11D3-BF4B-00C04F79EFBC}") = "LoginWF", "LoginWF\LoginWF.csproj", "{F94713A5-AD64-419C-A9FE-72246B26900E}"
EndProject
Project("{FAE04EC0-301F-11D3-BF4B-00C04F79EFBC}") = "Model", "Model\Model.csproj", "{8A047EDB-8E40-48FF-9782-7AE9C628CD2A}"
EndProject
Global
	GlobalSection(SolutionConfigurationPlatforms) = preSolution
		Debug|Any CPU = Debug|Any CPU
		Release|Any CPU = Release|Any CPU
	EndGlobalSection
	GlobalSection(ProjectConfigurationPlatforms) = postSolution
		{F94713A5-AD64-419C-A9FE-72246B26900E}.Debug|Any CPU.ActiveCfg = Debug|Any CPU
		{F94713A5-AD64-419C-A9FE-72246B26900E}.Debug|Any CPU.Build.0 = Debug|Any CPU
		{F94713A5-AD64-419C-A9FE-72246B26900E}.Release|Any CPU.ActiveCfg = Release|Any CPU
		{F94713A5-AD64-419C-A9FE-72246B26900E}.Release|Any CPU.Build.0 = Release|Any CPU
		{8A047EDB-8E40-48FF-9782-7AE9C628CD2A}.Debug|Any CPU.ActiveCfg = Debug|Any CPU
		{8A047EDB-8E40-48FF-9782-7AE9C628CD2A}.Debug|Any CPU.Build.0 = Debug|Any CPU
		{8A047EDB-8E40-48FF-9782-7AE9C628CD2A}.Release|Any CPU.ActiveCfg = Release|Any CPU
		{8A047EDB-8E40-48FF-9782-7AE9C628CD2A}.Release|Any CPU.Build.0 = Release|Any CPU
	EndGlobalSection
	GlobalSection(SolutionProperties) = preSolution
		HideSolutionNode = FALSE
	EndGlobalSection
	GlobalSection(ExtensibilityGlobals) = postSolution
		SolutionGuid = {F1FE5FF2-B150-4733-96AE-C019F21060FA}
	EndGlobalSection
EndGlobal
